
Microsoft Visual Studio Solution File, Format Version 12.00
# Visual Studio Version 16
VisualStudioVersion = 16.0.32510.428
MinimumVisualStudioVersion = 10.0.40219.1
Project("{FAE04EC0-301F-11D3-BF4B-00C04F79EFBC}") = "B2_314325", "B2_314325.csproj", "{0D8A62A1-FD9F-4FC0-9348-B9230933BFE3}"
EndProject
Global
	GlobalSection(SolutionConfigurationPlatforms) = preSolution
		Debug|Any CPU = Debug|Any CPU
		Release|Any CPU = Release|Any CPU
	EndGlobalSection
	GlobalSection(ProjectConfigurationPlatforms) = postSolution
		{0D8A62A1-FD9F-4FC0-9348-B9230933BFE3}.Debug|Any CPU.ActiveCfg = Debug|Any CPU
		{0D8A62A1-FD9F-4FC0-9348-B9230933BFE3}.Debug|Any CPU.Build.0 = Debug|Any CPU
		{0D8A62A1-FD9F-4FC0-9348-B9230933BFE3}.Release|Any CPU.ActiveCfg = Release|Any CPU
		{0D8A62A1-FD9F-4FC0-9348-B9230933BFE3}.Release|Any CPU.Build.0 = Release|Any CPU
	EndGlobalSection
	GlobalSection(SolutionProperties) = preSolution
		HideSolutionNode = FALSE
	EndGlobalSection
	GlobalSection(ExtensibilityGlobals) = postSolution
		SolutionGuid = {4DC83766-D066-4E26-A1D2-FB0B4B1C0035}
	EndGlobalSection
EndGlobal
